// !$*UTF8*$!
{
	archiveVersion = 1;
	classes = {
	};
	objectVersion = 46;
	objects = {

/* Begin PBXBuildFile section */
		A31D798F1A8FE87200E28E3B /* main.cpp in Sources */ = {isa = PBXBuildFile; fileRef = A31D798E1A8FE87200E28E3B /* main.cpp */; };
		A31D79981A8FEF2700E28E3B /* frame.cpp in Sources */ = {isa = PBXBuildFile; fileRef = A31D79961A8FEF2700E28E3B /* frame.cpp */; };
/* End PBXBuildFile section */

/* Begin PBXCopyFilesBuildPhase section */
		A31D79891A8FE87200E28E3B /* CopyFiles */ = {
			isa = PBXCopyFilesBuildPhase;
			buildActionMask = 2147483647;
			dstPath = /usr/share/man/man1/;
			dstSubfolderSpec = 0;
			files = (
			);
			runOnlyForDeploymentPostprocessing = 1;
		};
/* End PBXCopyFilesBuildPhase section */

/* Begin PBXFileReference section */
		A31D798B1A8FE87200E28E3B /* bowling_kata */ = {isa = PBXFileReference; explicitFileType = "compiled.mach-o.executable"; includeInIndex = 0; path = bowling_kata; sourceTree = BUILT_PRODUCTS_DIR; };
		A31D798E1A8FE87200E28E3B /* main.cpp */ = {isa = PBXFileReference; lastKnownFileType = sourcecode.cpp.cpp; path = main.cpp; sourceTree = "<group>"; };
		A31D79951A8FE8A200E28E3B /* catch.hpp */ = {isa = PBXFileReference; fileEncoding = 4; lastKnownFileType = sourcecode.cpp.h; path = catch.hpp; sourceTree = "<group>"; };
		A31D79961A8FEF2700E28E3B /* frame.cpp */ = {isa = PBXFileReference; fileEncoding = 4; lastKnownFileType = sourcecode.cpp.cpp; path = frame.cpp; sourceTree = "<group>"; };
		A31D79971A8FEF2700E28E3B /* frame.h */ = {isa = PBXFileReference; fileEncoding = 4; lastKnownFileType = sourcecode.c.h; path = frame.h; sourceTree = "<group>"; };
/* End PBXFileReference section */

/* Begin PBXFrameworksBuildPhase section */
		A31D79881A8FE87200E28E3B /* Frameworks */ = {
			isa = PBXFrameworksBuildPhase;
			buildActionMask = 2147483647;
			files = (
			);
			runOnlyForDeploymentPostprocessing = 0;
		};
/* End PBXFrameworksBuildPhase section */

/* Begin PBXGroup section */
		A31D79821A8FE87200E28E3B = {
			isa = PBXGroup;
			children = (
				A31D798D1A8FE87200E28E3B /* bowling_kata */,
				A31D798C1A8FE87200E28E3B /* Products */,
			);
			sourceTree = "<group>";
		};
		A31D798C1A8FE87200E28E3B /* Products */ = {
			isa = PBXGroup;
			children = (
				A31D798B1A8FE87200E28E3B /* bowling_kata */,
			);
			name = Products;
			sourceTree = "<group>";
		};
		A31D798D1A8FE87200E28E3B /* bowling_kata */ = {
			isa = PBXGroup;
			children = (
				A31D79951A8FE8A200E28E3B /* catch.hpp */,
				A31D798E1A8FE87200E28E3B /* main.cpp */,
				A31D79961A8FEF2700E28E3B /* frame.cpp */,
				A31D79971A8FEF2700E28E3B /* frame.h */,
			);
			path = bowling_kata;
			sourceTree = "<group>";
		};
/* End PBXGroup section */

/* Begin PBXNativeTarget section */
		A31D798A1A8FE87200E28E3B /* bowling_kata */ = {
			isa = PBXNativeTarget;
			buildConfigurationList = A31D79921A8FE87200E28E3B /* Build configuration list for PBXNativeTarget "bowling_kata" */;
			buildPhases = (
				A31D79871A8FE87200E28E3B /* Sources */,
				A31D79881A8FE87200E28E3B /* Frameworks */,
				A31D79891A8FE87200E28E3B /* CopyFiles */,
			);
			buildRules = (
			);
			dependencies = (
			);
			name = bowling_kata;
			productName = bowling_kata;
			productReference = A31D798B1A8FE87200E28E3B /* bowling_kata */;
			productType = "com.apple.product-type.tool";
		};
/* End PBXNativeTarget section */

/* Begin PBXProject section */
		A31D79831A8FE87200E28E3B /* Project object */ = {
			isa = PBXProject;
			attributes = {
				LastUpgradeCheck = 0610;
				ORGANIZATIONNAME = "Will Fisher";
				TargetAttributes = {
					A31D798A1A8FE87200E28E3B = {
						CreatedOnToolsVersion = 6.1.1;
					};
				};
			};
			buildConfigurationList = A31D79861A8FE87200E28E3B /* Build configuration list for PBXProject "bowling_kata" */;
			compatibilityVersion = "Xcode 3.2";
			developmentRegion = English;
			hasScannedForEncodings = 0;
			knownRegions = (
				en,
			);
			mainGroup = A31D79821A8FE87200E28E3B;
			productRefGroup = A31D798C1A8FE87200E28E3B /* Products */;
			projectDirPath = "";
			projectRoot = "";
			targets = (
				A31D798A1A8FE87200E28E3B /* bowling_kata */,
			);
		};
/* End PBXProject section */

/* Begin PBXSourcesBuildPhase section */
		A31D79871A8FE87200E28E3B /* Sources */ = {
			isa = PBXSourcesBuildPhase;
			buildActionMask = 2147483647;
			files = (
				A31D798F1A8FE87200E28E3B /* main.cpp in Sources */,
				A31D79981A8FEF2700E28E3B /* frame.cpp in Sources */,
			);
			runOnlyForDeploymentPostprocessing = 0;
		};
/* End PBXSourcesBuildPhase section */

/* Begin XCBuildConfiguration section */
		A31D79901A8FE87200E28E3B /* Debug */ = {
			isa = XCBuildConfiguration;
			buildSettings = {
				ALWAYS_SEARCH_USER_PATHS = NO;
				CLANG_CXX_LANGUAGE_STANDARD = "gnu++0x";
				CLANG_CXX_LIBRARY = "libc++";
				CLANG_ENABLE_MODULES = YES;
				CLANG_ENABLE_OBJC_ARC = YES;
				CLANG_WARN_BOOL_CONVERSION = YES;
				CLANG_WARN_CONSTANT_CONVERSION = YES;
				CLANG_WARN_DIRECT_OBJC_ISA_USAGE = YES_ERROR;
				CLANG_WARN_EMPTY_BODY = YES;
				CLANG_WARN_ENUM_CONVERSION = YES;
				CLANG_WARN_INT_CONVERSION = YES;
				CLANG_WARN_OBJC_ROOT_CLASS = YES_ERROR;
				CLANG_WARN_UNREACHABLE_CODE = YES;
				CLANG_WARN__DUPLICATE_METHOD_MATCH = YES;
				COPY_PHASE_STRIP = NO;
				ENABLE_STRICT_OBJC_MSGSEND = YES;
				GCC_C_LANGUAGE_STANDARD = gnu99;
				GCC_DYNAMIC_NO_PIC = NO;
				GCC_OPTIMIZATION_LEVEL = 0;
				GCC_PREPROCESSOR_DEFINITIONS = (
					"DEBUG=1",
					"$(inherited)",
				);
				GCC_SYMBOLS_PRIVATE_EXTERN = NO;
				GCC_WARN_64_TO_32_BIT_CONVERSION = YES;
				GCC_WARN_ABOUT_RETURN_TYPE = YES_ERROR;
				GCC_WARN_UNDECLARED_SELECTOR = YES;
				GCC_WARN_UNINITIALIZED_AUTOS = YES_AGGRESSIVE;
				GCC_WARN_UNUSED_FUNCTION = YES;
				GCC_WARN_UNUSED_VARIABLE = YES;
				MACOSX_DEPLOYMENT_TARGET = 10.10;
				MTL_ENABLE_DEBUG_INFO = YES;
				ONLY_ACTIVE_ARCH = YES;
				SDKROOT = macosx;
			};
			name = Debug;
		};
		A31D79911A8FE87200E28E3B /* Release */ = {
			isa = XCBuildConfiguration;
			buildSettings = {
				ALWAYS_SEARCH_USER_PATHS = NO;
				CLANG_CXX_LANGUAGE_STANDARD = "gnu++0x";
				CLANG_CXX_LIBRARY = "libc++";
				CLANG_ENABLE_MODULES = YES;
				CLANG_ENABLE_OBJC_ARC = YES;
				CLANG_WARN_BOOL_CONVERSION = YES;
				CLANG_WARN_CONSTANT_CONVERSION = YES;
				CLANG_WARN_DIRECT_OBJC_ISA_USAGE = YES_ERROR;
				CLANG_WARN_EMPTY_BODY = YES;
				CLANG_WARN_ENUM_CONVERSION = YES;
				CLANG_WARN_INT_CONVERSION = YES;
				CLANG_WARN_OBJC_ROOT_CLASS = YES_ERROR;
				CLANG_WARN_UNREACHABLE_CODE = YES;
				CLANG_WARN__DUPLICATE_METHOD_MATCH = YES;
				COPY_PHASE_STRIP = YES;
				DEBUG_INFORMATION_FORMAT = "dwarf-with-dsym";
				ENABLE_NS_ASSERTIONS = NO;
				ENABLE_STRICT_OBJC_MSGSEND = YES;
				GCC_C_LANGUAGE_STANDARD = gnu99;
				GCC_WARN_64_TO_32_BIT_CONVERSION = YES;
				GCC_WARN_ABOUT_RETURN_TYPE = YES_ERROR;
				GCC_WARN_UNDECLARED_SELECTOR = YES;
				GCC_WARN_UNINITIALIZED_AUTOS = YES_AGGRESSIVE;
				GCC_WARN_UNUSED_FUNCTION = YES;
				GCC_WARN_UNUSED_VARIABLE = YES;
				MACOSX_DEPLOYMENT_TARGET = 10.10;
				MTL_ENABLE_DEBUG_INFO = NO;
				SDKROOT = macosx;
			};
			name = Release;
		};
		A31D79931A8FE87200E28E3B /* Debug */ = {
			isa = XCBuildConfiguration;
			buildSettings = {
				PRODUCT_NAME = "$(TARGET_NAME)";
			};
			name = Debug;
		};
		A31D79941A8FE87200E28E3B /* Release */ = {
			isa = XCBuildConfiguration;
			buildSettings = {
				PRODUCT_NAME = "$(TARGET_NAME)";
			};
			name = Release;
		};
/* End XCBuildConfiguration section */

/* Begin XCConfigurationList section */
		A31D79861A8FE87200E28E3B /* Build configuration list for PBXProject "bowling_kata" */ = {
			isa = XCConfigurationList;
			buildConfigurations = (
				A31D79901A8FE87200E28E3B /* Debug */,
				A31D79911A8FE87200E28E3B /* Release */,
			);
			defaultConfigurationIsVisible = 0;
			defaultConfigurationName = Release;
		};
		A31D79921A8FE87200E28E3B /* Build configuration list for PBXNativeTarget "bowling_kata" */ = {
			isa = XCConfigurationList;
			buildConfigurations = (
				A31D79931A8FE87200E28E3B /* Debug */,
				A31D79941A8FE87200E28E3B /* Release */,
			);
			defaultConfigurationIsVisible = 0;
		};
/* End XCConfigurationList section */
	};
	rootObject = A31D79831A8FE87200E28E3B /* Project object */;
}
